
Microsoft Visual Studio Solution File, Format Version 12.00
# Visual Studio Version 16
VisualStudioVersion = 16.0.30523.141
MinimumVisualStudioVersion = 10.0.40219.1
Project("{FAE04EC0-301F-11D3-BF4B-00C04F79EFBC}") = "evaluacion_192310177", "evaluacion_192310177\evaluacion_192310177.csproj", "{63A3F624-36A2-4E72-97CA-D09F1D0412C0}"
EndProject
Global
	GlobalSection(SolutionConfigurationPlatforms) = preSolution
		Debug|Any CPU = Debug|Any CPU
		Release|Any CPU = Release|Any CPU
	EndGlobalSection
	GlobalSection(ProjectConfigurationPlatforms) = postSolution
		{63A3F624-36A2-4E72-97CA-D09F1D0412C0}.Debug|Any CPU.ActiveCfg = Debug|Any CPU
		{63A3F624-36A2-4E72-97CA-D09F1D0412C0}.Debug|Any CPU.Build.0 = Debug|Any CPU
		{63A3F624-36A2-4E72-97CA-D09F1D0412C0}.Release|Any CPU.ActiveCfg = Release|Any CPU
		{63A3F624-36A2-4E72-97CA-D09F1D0412C0}.Release|Any CPU.Build.0 = Release|Any CPU
	EndGlobalSection
	GlobalSection(SolutionProperties) = preSolution
		HideSolutionNode = FALSE
	EndGlobalSection
	GlobalSection(ExtensibilityGlobals) = postSolution
		SolutionGuid = {22162804-BD51-4480-85DD-66B6FA4F798B}
	EndGlobalSection
EndGlobal
